github.com/any-call/gobase v1.11.40 h1:N6NMMa4Ta8BYzj4Jzosf96R+FQQQ47ph/NH+vrx1D5c=
github.com/any-call/gobase v1.11.40/go.mod h1:1AKE2qwTDVjwHs6MZLkCVNgPu5rLbdnCPX0B9ayFjA4=
github.com/any-call/gobase v1.12.4 h1:KEW1FZBRJWvw7ZGaTdu+R9Vx6RRuBKmV4Z/yPFqE+Sk=
github.com/any-call/gobase v1.12.4/go.mod h1:1AKE2qwTDVjwHs6MZLkCVNgPu5rLbdnCPX0B9ayFjA4=
github.com/robfig/cron/v3 v3.0.1 h1:WdRxkvbJztn8LMz/QEvLN5sBU+xKpSqwwUO1Pjr4qDs=
github.com/robfig/cron/v3 v3.0.1/go.mod h1:eQICP3HwyT7UooqI/z+Ov+PtYAWygg1TEWWzGIFLtro=
