github.com/any-call/gobase v1.11.1 h1:vGQOGzADQQ/aUMinDSfv/gCuxecleCLe2OxcZlY5Ga0=
github.com/any-call/gobase v1.11.1/go.mod h1:1AKE2qwTDVjwHs6MZLkCVNgPu5rLbdnCPX0B9ayFjA4=
github.com/robfig/cron v1.2.0 h1:ZjScXvvxeQ63Dbyxy76Fj3AT3Ut0aKsyd2/tl3DTMuQ=
github.com/robfig/cron v1.2.0/go.mod h1:JGuDeoQd7Z6yL4zQhZ3OPEVHB7fL6Ka6skscFHfmt2k=
